{
    "_readme": [
        "This file locks the dependencies of your project to a known state",
        "Read more about it at https://getcomposer.org/doc/01-basic-usage.md#composer-lock-the-lock-file",
        "This file is @generated automatically"
    ],
    "content-hash": "2113b7c9064aa604fc1d1a2c6c9e8c06",
    "packages": [
        {
            "name": "facebook/php-ads-sdk",
            "version": "2.9.1",
            "source": {
                "type": "git",
                "url": "https://github.com/facebook/facebook-php-ads-sdk.git",
                "reference": "613d89fbe0424d017a5156658b4e324fbfb5be68"
            },
            "dist": {
                "type": "zip",
                "url": "https://api.github.com/repos/facebook/facebook-php-ads-sdk/zipball/613d89fbe0424d017a5156658b4e324fbfb5be68",
                "reference": "613d89fbe0424d017a5156658b4e324fbfb5be68",
                "shasum": ""
            },
            "require-dev": {
                "phpunit/phpunit": "~4.6",
                "symfony/finder": "~2.6"
            },
            "type": "library",
            "autoload": {
                "psr-4": {
                    "FacebookAds\\": "src/FacebookAds/"
                }
            },
            "notification-url": "https://packagist.org/downloads/",
            "license": [
                "Facebook Platform"
            ],
            "description": "PHP SDK for Facebook ads",
            "homepage": "https://developers.facebook.com/",
            "keywords": [
                "ads",
                "facebook",
                "sdk"
            ],
            "time": "2017-04-24T18:24:16+00:00"
        }
    ],
    "packages-dev": [],
    "aliases": [],
    "minimum-stability": "stable",
    "stability-flags": [],
    "prefer-stable": false,
    "prefer-lowest": false,
    "platform": [],
    "platform-dev": []
}
